
Microsoft Visual Studio Solution File, Format Version 12.00
# Visual Studio 15
VisualStudioVersion = 15.0.27004.2010
MinimumVisualStudioVersion = 10.0.40219.1
Project("{FAE04EC0-301F-11D3-BF4B-00C04F79EFBC}") = "envar", "envar\envar.csproj", "{669070B6-C053-42AF-9508-93BEF8CC980D}"
EndProject
Project("{8BC9CEB8-8B4A-11D0-8D11-00A0C91BC942}") = "ConsoleApplication1", "ConsoleApplication1\ConsoleApplication1.vcxproj", "{DE42CB73-54AA-492F-8EE1-236244F0004E}"
EndProject
Global
	GlobalSection(SolutionConfigurationPlatforms) = preSolution
		Debug|Any CPU = Debug|Any CPU
		Debug|x64 = Debug|x64
		Debug|x86 = Debug|x86
		Release|Any CPU = Release|Any CPU
		Release|x64 = Release|x64
		Release|x86 = Release|x86
	EndGlobalSection
	GlobalSection(ProjectConfigurationPlatforms) = postSolution
		{669070B6-C053-42AF-9508-93BEF8CC980D}.Debug|Any CPU.ActiveCfg = Debug|Any CPU
		{669070B6-C053-42AF-9508-93BEF8CC980D}.Debug|Any CPU.Build.0 = Debug|Any CPU
		{669070B6-C053-42AF-9508-93BEF8CC980D}.Debug|x64.ActiveCfg = Debug|Any CPU
		{669070B6-C053-42AF-9508-93BEF8CC980D}.Debug|x64.Build.0 = Debug|Any CPU
		{669070B6-C053-42AF-9508-93BEF8CC980D}.Debug|x86.ActiveCfg = Debug|Any CPU
		{669070B6-C053-42AF-9508-93BEF8CC980D}.Debug|x86.Build.0 = Debug|Any CPU
		{669070B6-C053-42AF-9508-93BEF8CC980D}.Release|Any CPU.ActiveCfg = Release|Any CPU
		{669070B6-C053-42AF-9508-93BEF8CC980D}.Release|Any CPU.Build.0 = Release|Any CPU
		{669070B6-C053-42AF-9508-93BEF8CC980D}.Release|x64.ActiveCfg = Release|Any CPU
		{669070B6-C053-42AF-9508-93BEF8CC980D}.Release|x64.Build.0 = Release|Any CPU
		{669070B6-C053-42AF-9508-93BEF8CC980D}.Release|x86.ActiveCfg = Release|Any CPU
		{669070B6-C053-42AF-9508-93BEF8CC980D}.Release|x86.Build.0 = Release|Any CPU
		{DE42CB73-54AA-492F-8EE1-236244F0004E}.Debug|Any CPU.ActiveCfg = Debug|Win32
		{DE42CB73-54AA-492F-8EE1-236244F0004E}.Debug|x64.ActiveCfg = Debug|x64
		{DE42CB73-54AA-492F-8EE1-236244F0004E}.Debug|x64.Build.0 = Debug|x64
		{DE42CB73-54AA-492F-8EE1-236244F0004E}.Debug|x86.ActiveCfg = Debug|Win32
		{DE42CB73-54AA-492F-8EE1-236244F0004E}.Debug|x86.Build.0 = Debug|Win32
		{DE42CB73-54AA-492F-8EE1-236244F0004E}.Release|Any CPU.ActiveCfg = Release|Win32
		{DE42CB73-54AA-492F-8EE1-236244F0004E}.Release|x64.ActiveCfg = Release|x64
		{DE42CB73-54AA-492F-8EE1-236244F0004E}.Release|x64.Build.0 = Release|x64
		{DE42CB73-54AA-492F-8EE1-236244F0004E}.Release|x86.ActiveCfg = Release|Win32
		{DE42CB73-54AA-492F-8EE1-236244F0004E}.Release|x86.Build.0 = Release|Win32
	EndGlobalSection
	GlobalSection(SolutionProperties) = preSolution
		HideSolutionNode = FALSE
	EndGlobalSection
	GlobalSection(ExtensibilityGlobals) = postSolution
		SolutionGuid = {D8DD9529-62FA-48D4-B61E-D3A90DC92494}
	EndGlobalSection
EndGlobal
